
Microsoft Visual Studio Solution File, Format Version 12.00
# Visual Studio Version 16
VisualStudioVersion = 16.0.30413.136
MinimumVisualStudioVersion = 10.0.40219.1
Project("{FAE04EC0-301F-11D3-BF4B-00C04F79EFBC}") = "Server", "Server.csproj", "{C5DE3F59-A65D-4F8C-8904-ABBB97FE6C12}"
EndProject
Global
	GlobalSection(SolutionConfigurationPlatforms) = preSolution
		Debug|Any CPU = Debug|Any CPU
		Release|Any CPU = Release|Any CPU
	EndGlobalSection
	GlobalSection(ProjectConfigurationPlatforms) = postSolution
		{C5DE3F59-A65D-4F8C-8904-ABBB97FE6C12}.Debug|Any CPU.ActiveCfg = Debug|Any CPU
		{C5DE3F59-A65D-4F8C-8904-ABBB97FE6C12}.Debug|Any CPU.Build.0 = Debug|Any CPU
		{C5DE3F59-A65D-4F8C-8904-ABBB97FE6C12}.Release|Any CPU.ActiveCfg = Release|Any CPU
		{C5DE3F59-A65D-4F8C-8904-ABBB97FE6C12}.Release|Any CPU.Build.0 = Release|Any CPU
	EndGlobalSection
	GlobalSection(SolutionProperties) = preSolution
		HideSolutionNode = FALSE
	EndGlobalSection
	GlobalSection(ExtensibilityGlobals) = postSolution
		SolutionGuid = {F74BFDFF-2CCE-4241-873D-93FFF58C01FF}
	EndGlobalSection
EndGlobal
